// !$*UTF8*$!
{
	archiveVersion = 1;
	classes = {
	};
	objectVersion = 50;
	objects = {

/* Begin PBXBuildFile section */
		8D81359B2434EFC400954B21 /* AppDelegate.swift in Sources */ = {isa = PBXBuildFile; fileRef = 8D81359A2434EFC400954B21 /* AppDelegate.swift */; };
		8D81359D2434EFC400954B21 /* SceneDelegate.swift in Sources */ = {isa = PBXBuildFile; fileRef = 8D81359C2434EFC400954B21 /* SceneDelegate.swift */; };
		8D81359F2434EFC400954B21 /* ViewController.swift in Sources */ = {isa = PBXBuildFile; fileRef = 8D81359E2434EFC400954B21 /* ViewController.swift */; };
		8D8135A22434EFC400954B21 /* Main.storyboard in Resources */ = {isa = PBXBuildFile; fileRef = 8D8135A02434EFC400954B21 /* Main.storyboard */; };
		8D8135A42434EFC500954B21 /* Assets.xcassets in Resources */ = {isa = PBXBuildFile; fileRef = 8D8135A32434EFC500954B21 /* Assets.xcassets */; };
		8D8135A72434EFC500954B21 /* LaunchScreen.storyboard in Resources */ = {isa = PBXBuildFile; fileRef = 8D8135A52434EFC500954B21 /* LaunchScreen.storyboard */; };
		8D8135B22434EFC500954B21 /* multiple_environmentTests.swift in Sources */ = {isa = PBXBuildFile; fileRef = 8D8135B12434EFC500954B21 /* multiple_environmentTests.swift */; };
		91C59495C482AB6CEC095128 /* Pods_multiple_environmentTests.framework in Frameworks */ = {isa = PBXBuildFile; fileRef = 91D165A79FE454F3427A4A5F /* Pods_multiple_environmentTests.framework */; };
		B29B482B7D2E0DCD575BF079 /* Pods_multiple_environment.framework in Frameworks */ = {isa = PBXBuildFile; fileRef = 8DAA63BAE4D9C570608167A6 /* Pods_multiple_environment.framework */; };
/* End PBXBuildFile section */

/* Begin PBXContainerItemProxy section */
		8D8135AE2434EFC500954B21 /* PBXContainerItemProxy */ = {
			isa = PBXContainerItemProxy;
			containerPortal = 8D81358F2434EFC400954B21 /* Project object */;
			proxyType = 1;
			remoteGlobalIDString = 8D8135962434EFC400954B21;
			remoteInfo = "multiple-environment";
		};
/* End PBXContainerItemProxy section */

/* Begin PBXFileReference section */
		0D34D70AE9DF1CFE439BB3CC /* Pods-multiple-environment.release.xcconfig */ = {isa = PBXFileReference; includeInIndex = 1; lastKnownFileType = text.xcconfig; name = "Pods-multiple-environment.release.xcconfig"; path = "Target Support Files/Pods-multiple-environment/Pods-multiple-environment.release.xcconfig"; sourceTree = "<group>"; };
		169CDC511AF5A94E2B785E3A /* Pods-multiple-environment.ldg dev.xcconfig */ = {isa = PBXFileReference; includeInIndex = 1; lastKnownFileType = text.xcconfig; name = "Pods-multiple-environment.ldg dev.xcconfig"; path = "Target Support Files/Pods-multiple-environment/Pods-multiple-environment.ldg dev.xcconfig"; sourceTree = "<group>"; };
		2C07A1F2EBBFBACDBA351D4F /* Pods-multiple-environment.mat dev.xcconfig */ = {isa = PBXFileReference; includeInIndex = 1; lastKnownFileType = text.xcconfig; name = "Pods-multiple-environment.mat dev.xcconfig"; path = "Target Support Files/Pods-multiple-environment/Pods-multiple-environment.mat dev.xcconfig"; sourceTree = "<group>"; };
		36F908A993A48CB6D91A689C /* Pods-multiple-environment.mlp dev.xcconfig */ = {isa = PBXFileReference; includeInIndex = 1; lastKnownFileType = text.xcconfig; name = "Pods-multiple-environment.mlp dev.xcconfig"; path = "Target Support Files/Pods-multiple-environment/Pods-multiple-environment.mlp dev.xcconfig"; sourceTree = "<group>"; };
		36FBF37F2AE472ECDEB8110F /* Pods-multiple-environmentTests.ldg dev.xcconfig */ = {isa = PBXFileReference; includeInIndex = 1; lastKnownFileType = text.xcconfig; name = "Pods-multiple-environmentTests.ldg dev.xcconfig"; path = "Target Support Files/Pods-multiple-environmentTests/Pods-multiple-environmentTests.ldg dev.xcconfig"; sourceTree = "<group>"; };
		4399D094282CA000C5C352F4 /* Pods-multiple-environment.mlp staging.xcconfig */ = {isa = PBXFileReference; includeInIndex = 1; lastKnownFileType = text.xcconfig; name = "Pods-multiple-environment.mlp staging.xcconfig"; path = "Target Support Files/Pods-multiple-environment/Pods-multiple-environment.mlp staging.xcconfig"; sourceTree = "<group>"; };
		47D246AD14F4A1B5672412C9 /* Pods-multiple-environmentTests.cpe dev.xcconfig */ = {isa = PBXFileReference; includeInIndex = 1; lastKnownFileType = text.xcconfig; name = "Pods-multiple-environmentTests.cpe dev.xcconfig"; path = "Target Support Files/Pods-multiple-environmentTests/Pods-multiple-environmentTests.cpe dev.xcconfig"; sourceTree = "<group>"; };
		5EC51244DA1F9FA38DA6BB87 /* Pods-multiple-environmentTests.mlp staging.xcconfig */ = {isa = PBXFileReference; includeInIndex = 1; lastKnownFileType = text.xcconfig; name = "Pods-multiple-environmentTests.mlp staging.xcconfig"; path = "Target Support Files/Pods-multiple-environmentTests/Pods-multiple-environmentTests.mlp staging.xcconfig"; sourceTree = "<group>"; };
		6D5CD485F7DE5E8439481DC2 /* Pods-multiple-environmentTests.cpe staging.xcconfig */ = {isa = PBXFileReference; includeInIndex = 1; lastKnownFileType = text.xcconfig; name = "Pods-multiple-environmentTests.cpe staging.xcconfig"; path = "Target Support Files/Pods-multiple-environmentTests/Pods-multiple-environmentTests.cpe staging.xcconfig"; sourceTree = "<group>"; };
		7CB723982DEF2B0DD6170347 /* Pods-multiple-environmentTests.release.xcconfig */ = {isa = PBXFileReference; includeInIndex = 1; lastKnownFileType = text.xcconfig; name = "Pods-multiple-environmentTests.release.xcconfig"; path = "Target Support Files/Pods-multiple-environmentTests/Pods-multiple-environmentTests.release.xcconfig"; sourceTree = "<group>"; };
		8D8135972434EFC400954B21 /* LDG-Dev My App.app */ = {isa = PBXFileReference; explicitFileType = wrapper.application; includeInIndex = 0; path = "LDG-Dev My App.app"; sourceTree = BUILT_PRODUCTS_DIR; };
		8D81359A2434EFC400954B21 /* AppDelegate.swift */ = {isa = PBXFileReference; lastKnownFileType = sourcecode.swift; path = AppDelegate.swift; sourceTree = "<group>"; };
		8D81359C2434EFC400954B21 /* SceneDelegate.swift */ = {isa = PBXFileReference; lastKnownFileType = sourcecode.swift; path = SceneDelegate.swift; sourceTree = "<group>"; };
		8D81359E2434EFC400954B21 /* ViewController.swift */ = {isa = PBXFileReference; lastKnownFileType = sourcecode.swift; path = ViewController.swift; sourceTree = "<group>"; };
		8D8135A12434EFC400954B21 /* Base */ = {isa = PBXFileReference; lastKnownFileType = file.storyboard; name = Base; path = Base.lproj/Main.storyboard; sourceTree = "<group>"; };
		8D8135A32434EFC500954B21 /* Assets.xcassets */ = {isa = PBXFileReference; lastKnownFileType = folder.assetcatalog; path = Assets.xcassets; sourceTree = "<group>"; };
		8D8135A62434EFC500954B21 /* Base */ = {isa = PBXFileReference; lastKnownFileType = file.storyboard; name = Base; path = Base.lproj/LaunchScreen.storyboard; sourceTree = "<group>"; };
		8D8135A82434EFC500954B21 /* Info.plist */ = {isa = PBXFileReference; lastKnownFileType = text.plist.xml; path = Info.plist; sourceTree = "<group>"; };
		8D8135AD2434EFC500954B21 /* multiple-environmentTests.xctest */ = {isa = PBXFileReference; explicitFileType = wrapper.cfbundle; includeInIndex = 0; path = "multiple-environmentTests.xctest"; sourceTree = BUILT_PRODUCTS_DIR; };
		8D8135B12434EFC500954B21 /* multiple_environmentTests.swift */ = {isa = PBXFileReference; lastKnownFileType = sourcecode.swift; path = multiple_environmentTests.swift; sourceTree = "<group>"; };
		8D8135B32434EFC500954B21 /* Info.plist */ = {isa = PBXFileReference; lastKnownFileType = text.plist.xml; path = Info.plist; sourceTree = "<group>"; };
		8D8135C12434F1BF00954B21 /* Staging.xcconfig */ = {isa = PBXFileReference; lastKnownFileType = text.xcconfig; path = Staging.xcconfig; sourceTree = "<group>"; };
		8D8135C22434F29700954B21 /* Dev.xcconfig */ = {isa = PBXFileReference; lastKnownFileType = text.xcconfig; path = Dev.xcconfig; sourceTree = "<group>"; };
		8D8135C32434F2AE00954B21 /* Release.xcconfig */ = {isa = PBXFileReference; lastKnownFileType = text.xcconfig; path = Release.xcconfig; sourceTree = "<group>"; };
		8DAA63BAE4D9C570608167A6 /* Pods_multiple_environment.framework */ = {isa = PBXFileReference; explicitFileType = wrapper.framework; includeInIndex = 0; path = Pods_multiple_environment.framework; sourceTree = BUILT_PRODUCTS_DIR; };
		90DD63E2D928D84B37951B2E /* Pods-multiple-environmentTests.production.xcconfig */ = {isa = PBXFileReference; includeInIndex = 1; lastKnownFileType = text.xcconfig; name = "Pods-multiple-environmentTests.production.xcconfig"; path = "Target Support Files/Pods-multiple-environmentTests/Pods-multiple-environmentTests.production.xcconfig"; sourceTree = "<group>"; };
		91D165A79FE454F3427A4A5F /* Pods_multiple_environmentTests.framework */ = {isa = PBXFileReference; explicitFileType = wrapper.framework; includeInIndex = 0; path = Pods_multiple_environmentTests.framework; sourceTree = BUILT_PRODUCTS_DIR; };
		981165AC9F617716DA498BDA /* Pods-multiple-environment.production.xcconfig */ = {isa = PBXFileReference; includeInIndex = 1; lastKnownFileType = text.xcconfig; name = "Pods-multiple-environment.production.xcconfig"; path = "Target Support Files/Pods-multiple-environment/Pods-multiple-environment.production.xcconfig"; sourceTree = "<group>"; };
		A44F3C2F2F34CF01920EB966 /* Pods-multiple-environment.cpe staging.xcconfig */ = {isa = PBXFileReference; includeInIndex = 1; lastKnownFileType = text.xcconfig; name = "Pods-multiple-environment.cpe staging.xcconfig"; path = "Target Support Files/Pods-multiple-environment/Pods-multiple-environment.cpe staging.xcconfig"; sourceTree = "<group>"; };
		A8231EA017BCF3ECB9F4D42A /* Pods-multiple-environmentTests.mat dev.xcconfig */ = {isa = PBXFileReference; includeInIndex = 1; lastKnownFileType = text.xcconfig; name = "Pods-multiple-environmentTests.mat dev.xcconfig"; path = "Target Support Files/Pods-multiple-environmentTests/Pods-multiple-environmentTests.mat dev.xcconfig"; sourceTree = "<group>"; };
		AFB251DF5E68D402E4A0908C /* Pods-multiple-environment.ldg staging.xcconfig */ = {isa = PBXFileReference; includeInIndex = 1; lastKnownFileType = text.xcconfig; name = "Pods-multiple-environment.ldg staging.xcconfig"; path = "Target Support Files/Pods-multiple-environment/Pods-multiple-environment.ldg staging.xcconfig"; sourceTree = "<group>"; };
		B3F60B2BA63990D66855731E /* Pods-multiple-environment.mat staging.xcconfig */ = {isa = PBXFileReference; includeInIndex = 1; lastKnownFileType = text.xcconfig; name = "Pods-multiple-environment.mat staging.xcconfig"; path = "Target Support Files/Pods-multiple-environment/Pods-multiple-environment.mat staging.xcconfig"; sourceTree = "<group>"; };
		B41B8C26F8AA348C31D32574 /* Pods-multiple-environmentTests.ldg staging.xcconfig */ = {isa = PBXFileReference; includeInIndex = 1; lastKnownFileType = text.xcconfig; name = "Pods-multiple-environmentTests.ldg staging.xcconfig"; path = "Target Support Files/Pods-multiple-environmentTests/Pods-multiple-environmentTests.ldg staging.xcconfig"; sourceTree = "<group>"; };
		C349B833089219D1C545C5EC /* Pods-multiple-environment.cpe dev.xcconfig */ = {isa = PBXFileReference; includeInIndex = 1; lastKnownFileType = text.xcconfig; name = "Pods-multiple-environment.cpe dev.xcconfig"; path = "Target Support Files/Pods-multiple-environment/Pods-multiple-environment.cpe dev.xcconfig"; sourceTree = "<group>"; };
		E533B6A6DC1B2BF7CD80D426 /* Pods-multiple-environmentTests.mlp dev.xcconfig */ = {isa = PBXFileReference; includeInIndex = 1; lastKnownFileType = text.xcconfig; name = "Pods-multiple-environmentTests.mlp dev.xcconfig"; path = "Target Support Files/Pods-multiple-environmentTests/Pods-multiple-environmentTests.mlp dev.xcconfig"; sourceTree = "<group>"; };
		FEBBD54DD8E5A7936FC58C19 /* Pods-multiple-environmentTests.mat staging.xcconfig */ = {isa = PBXFileReference; includeInIndex = 1; lastKnownFileType = text.xcconfig; name = "Pods-multiple-environmentTests.mat staging.xcconfig"; path = "Target Support Files/Pods-multiple-environmentTests/Pods-multiple-environmentTests.mat staging.xcconfig"; sourceTree = "<group>"; };
/* End PBXFileReference section */

/* Begin PBXFrameworksBuildPhase section */
		8D8135942434EFC400954B21 /* Frameworks */ = {
			isa = PBXFrameworksBuildPhase;
			buildActionMask = 2147483647;
			files = (
				B29B482B7D2E0DCD575BF079 /* Pods_multiple_environment.framework in Frameworks */,
			);
			runOnlyForDeploymentPostprocessing = 0;
		};
		8D8135AA2434EFC500954B21 /* Frameworks */ = {
			isa = PBXFrameworksBuildPhase;
			buildActionMask = 2147483647;
			files = (
				91C59495C482AB6CEC095128 /* Pods_multiple_environmentTests.framework in Frameworks */,
			);
			runOnlyForDeploymentPostprocessing = 0;
		};
/* End PBXFrameworksBuildPhase section */

/* Begin PBXGroup section */
		8A777A8C3085F187362AC4B5 /* Frameworks */ = {
			isa = PBXGroup;
			children = (
				8DAA63BAE4D9C570608167A6 /* Pods_multiple_environment.framework */,
				91D165A79FE454F3427A4A5F /* Pods_multiple_environmentTests.framework */,
			);
			name = Frameworks;
			sourceTree = "<group>";
		};
		8D81358E2434EFC400954B21 = {
			isa = PBXGroup;
			children = (
				8D8135992434EFC400954B21 /* multiple-environment */,
				8D8135B02434EFC500954B21 /* multiple-environmentTests */,
				8D8135982434EFC400954B21 /* Products */,
				9BE9C84AD7874D5BB0C6006A /* Pods */,
				8A777A8C3085F187362AC4B5 /* Frameworks */,
			);
			sourceTree = "<group>";
		};
		8D8135982434EFC400954B21 /* Products */ = {
			isa = PBXGroup;
			children = (
				8D8135972434EFC400954B21 /* LDG-Dev My App.app */,
				8D8135AD2434EFC500954B21 /* multiple-environmentTests.xctest */,
			);
			name = Products;
			sourceTree = "<group>";
		};
		8D8135992434EFC400954B21 /* multiple-environment */ = {
			isa = PBXGroup;
			children = (
				8D8135BC2434F12800954B21 /* Config */,
				8D81359A2434EFC400954B21 /* AppDelegate.swift */,
				8D81359C2434EFC400954B21 /* SceneDelegate.swift */,
				8D81359E2434EFC400954B21 /* ViewController.swift */,
				8D8135A02434EFC400954B21 /* Main.storyboard */,
				8D8135A32434EFC500954B21 /* Assets.xcassets */,
				8D8135A52434EFC500954B21 /* LaunchScreen.storyboard */,
				8D8135A82434EFC500954B21 /* Info.plist */,
			);
			path = "multiple-environment";
			sourceTree = "<group>";
		};
		8D8135B02434EFC500954B21 /* multiple-environmentTests */ = {
			isa = PBXGroup;
			children = (
				8D8135B12434EFC500954B21 /* multiple_environmentTests.swift */,
				8D8135B32434EFC500954B21 /* Info.plist */,
			);
			path = "multiple-environmentTests";
			sourceTree = "<group>";
		};
		8D8135BC2434F12800954B21 /* Config */ = {
			isa = PBXGroup;
			children = (
				8D8135C12434F1BF00954B21 /* Staging.xcconfig */,
				8D8135C22434F29700954B21 /* Dev.xcconfig */,
				8D8135C32434F2AE00954B21 /* Release.xcconfig */,
			);
			path = Config;
			sourceTree = "<group>";
		};
		9BE9C84AD7874D5BB0C6006A /* Pods */ = {
			isa = PBXGroup;
			children = (
				169CDC511AF5A94E2B785E3A /* Pods-multiple-environment.ldg dev.xcconfig */,
				AFB251DF5E68D402E4A0908C /* Pods-multiple-environment.ldg staging.xcconfig */,
				C349B833089219D1C545C5EC /* Pods-multiple-environment.cpe dev.xcconfig */,
				A44F3C2F2F34CF01920EB966 /* Pods-multiple-environment.cpe staging.xcconfig */,
				2C07A1F2EBBFBACDBA351D4F /* Pods-multiple-environment.mat dev.xcconfig */,
				B3F60B2BA63990D66855731E /* Pods-multiple-environment.mat staging.xcconfig */,
				36F908A993A48CB6D91A689C /* Pods-multiple-environment.mlp dev.xcconfig */,
				4399D094282CA000C5C352F4 /* Pods-multiple-environment.mlp staging.xcconfig */,
				0D34D70AE9DF1CFE439BB3CC /* Pods-multiple-environment.release.xcconfig */,
				981165AC9F617716DA498BDA /* Pods-multiple-environment.production.xcconfig */,
				36FBF37F2AE472ECDEB8110F /* Pods-multiple-environmentTests.ldg dev.xcconfig */,
				B41B8C26F8AA348C31D32574 /* Pods-multiple-environmentTests.ldg staging.xcconfig */,
				47D246AD14F4A1B5672412C9 /* Pods-multiple-environmentTests.cpe dev.xcconfig */,
				6D5CD485F7DE5E8439481DC2 /* Pods-multiple-environmentTests.cpe staging.xcconfig */,
				A8231EA017BCF3ECB9F4D42A /* Pods-multiple-environmentTests.mat dev.xcconfig */,
				FEBBD54DD8E5A7936FC58C19 /* Pods-multiple-environmentTests.mat staging.xcconfig */,
				E533B6A6DC1B2BF7CD80D426 /* Pods-multiple-environmentTests.mlp dev.xcconfig */,
				5EC51244DA1F9FA38DA6BB87 /* Pods-multiple-environmentTests.mlp staging.xcconfig */,
				7CB723982DEF2B0DD6170347 /* Pods-multiple-environmentTests.release.xcconfig */,
				90DD63E2D928D84B37951B2E /* Pods-multiple-environmentTests.production.xcconfig */,
			);
			path = Pods;
			sourceTree = "<group>";
		};
/* End PBXGroup section */

/* Begin PBXNativeTarget section */
		8D8135962434EFC400954B21 /* multiple-environment */ = {
			isa = PBXNativeTarget;
			buildConfigurationList = 8D8135B62434EFC500954B21 /* Build configuration list for PBXNativeTarget "multiple-environment" */;
			buildPhases = (
				782D2B35203306DC19126F12 /* [CP] Check Pods Manifest.lock */,
				8D8135932434EFC400954B21 /* Sources */,
				8D8135942434EFC400954B21 /* Frameworks */,
				8D8135952434EFC400954B21 /* Resources */,
			);
			buildRules = (
			);
			dependencies = (
			);
			name = "multiple-environment";
			productName = "multiple-environment";
			productReference = 8D8135972434EFC400954B21 /* LDG-Dev My App.app */;
			productType = "com.apple.product-type.application";
		};
		8D8135AC2434EFC500954B21 /* multiple-environmentTests */ = {
			isa = PBXNativeTarget;
			buildConfigurationList = 8D8135B92434EFC500954B21 /* Build configuration list for PBXNativeTarget "multiple-environmentTests" */;
			buildPhases = (
				F967007D50C7389360B51ED4 /* [CP] Check Pods Manifest.lock */,
				8D8135A92434EFC500954B21 /* Sources */,
				8D8135AA2434EFC500954B21 /* Frameworks */,
				8D8135AB2434EFC500954B21 /* Resources */,
			);
			buildRules = (
			);
			dependencies = (
				8D8135AF2434EFC500954B21 /* PBXTargetDependency */,
			);
			name = "multiple-environmentTests";
			productName = "multiple-environmentTests";
			productReference = 8D8135AD2434EFC500954B21 /* multiple-environmentTests.xctest */;
			productType = "com.apple.product-type.bundle.unit-test";
		};
/* End PBXNativeTarget section */

/* Begin PBXProject section */
		8D81358F2434EFC400954B21 /* Project object */ = {
			isa = PBXProject;
			attributes = {
				LastSwiftUpdateCheck = 1130;
				LastUpgradeCheck = 1130;
				ORGANIZATIONNAME = dwirandyh.com;
				TargetAttributes = {
					8D8135962434EFC400954B21 = {
						CreatedOnToolsVersion = 11.3.1;
					};
					8D8135AC2434EFC500954B21 = {
						CreatedOnToolsVersion = 11.3.1;
						TestTargetID = 8D8135962434EFC400954B21;
					};
				};
			};
			buildConfigurationList = 8D8135922434EFC400954B21 /* Build configuration list for PBXProject "multiple-environment" */;
			compatibilityVersion = "Xcode 9.3";
			developmentRegion = en;
			hasScannedForEncodings = 0;
			knownRegions = (
				en,
				Base,
			);
			mainGroup = 8D81358E2434EFC400954B21;
			productRefGroup = 8D8135982434EFC400954B21 /* Products */;
			projectDirPath = "";
			projectRoot = "";
			targets = (
				8D8135962434EFC400954B21 /* multiple-environment */,
				8D8135AC2434EFC500954B21 /* multiple-environmentTests */,
			);
		};
/* End PBXProject section */

/* Begin PBXResourcesBuildPhase section */
		8D8135952434EFC400954B21 /* Resources */ = {
			isa = PBXResourcesBuildPhase;
			buildActionMask = 2147483647;
			files = (
				8D8135A72434EFC500954B21 /* LaunchScreen.storyboard in Resources */,
				8D8135A42434EFC500954B21 /* Assets.xcassets in Resources */,
				8D8135A22434EFC400954B21 /* Main.storyboard in Resources */,
			);
			runOnlyForDeploymentPostprocessing = 0;
		};
		8D8135AB2434EFC500954B21 /* Resources */ = {
			isa = PBXResourcesBuildPhase;
			buildActionMask = 2147483647;
			files = (
			);
			runOnlyForDeploymentPostprocessing = 0;
		};
/* End PBXResourcesBuildPhase section */

/* Begin PBXShellScriptBuildPhase section */
		782D2B35203306DC19126F12 /* [CP] Check Pods Manifest.lock */ = {
			isa = PBXShellScriptBuildPhase;
			buildActionMask = 2147483647;
			files = (
			);
			inputFileListPaths = (
			);
			inputPaths = (
				"${PODS_PODFILE_DIR_PATH}/Podfile.lock",
				"${PODS_ROOT}/Manifest.lock",
			);
			name = "[CP] Check Pods Manifest.lock";
			outputFileListPaths = (
			);
			outputPaths = (
				"$(DERIVED_FILE_DIR)/Pods-multiple-environment-checkManifestLockResult.txt",
			);
			runOnlyForDeploymentPostprocessing = 0;
			shellPath = /bin/sh;
			shellScript = "diff \"${PODS_PODFILE_DIR_PATH}/Podfile.lock\" \"${PODS_ROOT}/Manifest.lock\" > /dev/null\nif [ $? != 0 ] ; then\n    # print error to STDERR\n    echo \"error: The sandbox is not in sync with the Podfile.lock. Run 'pod install' or update your CocoaPods installation.\" >&2\n    exit 1\nfi\n# This output is used by Xcode 'outputs' to avoid re-running this script phase.\necho \"SUCCESS\" > \"${SCRIPT_OUTPUT_FILE_0}\"\n";
			showEnvVarsInLog = 0;
		};
		F967007D50C7389360B51ED4 /* [CP] Check Pods Manifest.lock */ = {
			isa = PBXShellScriptBuildPhase;
			buildActionMask = 2147483647;
			files = (
			);
			inputFileListPaths = (
			);
			inputPaths = (
				"${PODS_PODFILE_DIR_PATH}/Podfile.lock",
				"${PODS_ROOT}/Manifest.lock",
			);
			name = "[CP] Check Pods Manifest.lock";
			outputFileListPaths = (
			);
			outputPaths = (
				"$(DERIVED_FILE_DIR)/Pods-multiple-environmentTests-checkManifestLockResult.txt",
			);
			runOnlyForDeploymentPostprocessing = 0;
			shellPath = /bin/sh;
			shellScript = "diff \"${PODS_PODFILE_DIR_PATH}/Podfile.lock\" \"${PODS_ROOT}/Manifest.lock\" > /dev/null\nif [ $? != 0 ] ; then\n    # print error to STDERR\n    echo \"error: The sandbox is not in sync with the Podfile.lock. Run 'pod install' or update your CocoaPods installation.\" >&2\n    exit 1\nfi\n# This output is used by Xcode 'outputs' to avoid re-running this script phase.\necho \"SUCCESS\" > \"${SCRIPT_OUTPUT_FILE_0}\"\n";
			showEnvVarsInLog = 0;
		};
/* End PBXShellScriptBuildPhase section */

/* Begin PBXSourcesBuildPhase section */
		8D8135932434EFC400954B21 /* Sources */ = {
			isa = PBXSourcesBuildPhase;
			buildActionMask = 2147483647;
			files = (
				8D81359F2434EFC400954B21 /* ViewController.swift in Sources */,
				8D81359B2434EFC400954B21 /* AppDelegate.swift in Sources */,
				8D81359D2434EFC400954B21 /* SceneDelegate.swift in Sources */,
			);
			runOnlyForDeploymentPostprocessing = 0;
		};
		8D8135A92434EFC500954B21 /* Sources */ = {
			isa = PBXSourcesBuildPhase;
			buildActionMask = 2147483647;
			files = (
				8D8135B22434EFC500954B21 /* multiple_environmentTests.swift in Sources */,
			);
			runOnlyForDeploymentPostprocessing = 0;
		};
/* End PBXSourcesBuildPhase section */

/* Begin PBXTargetDependency section */
		8D8135AF2434EFC500954B21 /* PBXTargetDependency */ = {
			isa = PBXTargetDependency;
			target = 8D8135962434EFC400954B21 /* multiple-environment */;
			targetProxy = 8D8135AE2434EFC500954B21 /* PBXContainerItemProxy */;
		};
/* End PBXTargetDependency section */

/* Begin PBXVariantGroup section */
		8D8135A02434EFC400954B21 /* Main.storyboard */ = {
			isa = PBXVariantGroup;
			children = (
				8D8135A12434EFC400954B21 /* Base */,
			);
			name = Main.storyboard;
			sourceTree = "<group>";
		};
		8D8135A52434EFC500954B21 /* LaunchScreen.storyboard */ = {
			isa = PBXVariantGroup;
			children = (
				8D8135A62434EFC500954B21 /* Base */,
			);
			name = LaunchScreen.storyboard;
			sourceTree = "<group>";
		};
/* End PBXVariantGroup section */

/* Begin XCBuildConfiguration section */
		8D48668C24378985004AD00C /* CPE Dev */ = {
			isa = XCBuildConfiguration;
			baseConfigurationReference = 8D8135C22434F29700954B21 /* Dev.xcconfig */;
			buildSettings = {
				ALWAYS_SEARCH_USER_PATHS = NO;
				CLANG_ANALYZER_NONNULL = YES;
				CLANG_ANALYZER_NUMBER_OBJECT_CONVERSION = YES_AGGRESSIVE;
				CLANG_CXX_LANGUAGE_STANDARD = "gnu++14";
				CLANG_CXX_LIBRARY = "libc++";
				CLANG_ENABLE_MODULES = YES;
				CLANG_ENABLE_OBJC_ARC = YES;
				CLANG_ENABLE_OBJC_WEAK = YES;
				CLANG_WARN_BLOCK_CAPTURE_AUTORELEASING = YES;
				CLANG_WARN_BOOL_CONVERSION = YES;
				CLANG_WARN_COMMA = YES;
				CLANG_WARN_CONSTANT_CONVERSION = YES;
				CLANG_WARN_DEPRECATED_OBJC_IMPLEMENTATIONS = YES;
				CLANG_WARN_DIRECT_OBJC_ISA_USAGE = YES_ERROR;
				CLANG_WARN_DOCUMENTATION_COMMENTS = YES;
				CLANG_WARN_EMPTY_BODY = YES;
				CLANG_WARN_ENUM_CONVERSION = YES;
				CLANG_WARN_INFINITE_RECURSION = YES;
				CLANG_WARN_INT_CONVERSION = YES;
				CLANG_WARN_NON_LITERAL_NULL_CONVERSION = YES;
				CLANG_WARN_OBJC_IMPLICIT_RETAIN_SELF = YES;
				CLANG_WARN_OBJC_LITERAL_CONVERSION = YES;
				CLANG_WARN_OBJC_ROOT_CLASS = YES_ERROR;
				CLANG_WARN_RANGE_LOOP_ANALYSIS = YES;
				CLANG_WARN_STRICT_PROTOTYPES = YES;
				CLANG_WARN_SUSPICIOUS_MOVE = YES;
				CLANG_WARN_UNGUARDED_AVAILABILITY = YES_AGGRESSIVE;
				CLANG_WARN_UNREACHABLE_CODE = YES;
				CLANG_WARN__DUPLICATE_METHOD_MATCH = YES;
				COPY_PHASE_STRIP = NO;
				DEBUG_INFORMATION_FORMAT = dwarf;
				ENABLE_STRICT_OBJC_MSGSEND = YES;
				ENABLE_TESTABILITY = YES;
				GCC_C_LANGUAGE_STANDARD = gnu11;
				GCC_DYNAMIC_NO_PIC = NO;
				GCC_NO_COMMON_BLOCKS = YES;
				GCC_OPTIMIZATION_LEVEL = 0;
				GCC_PREPROCESSOR_DEFINITIONS = (
					"DEBUG=1",
					"$(inherited)",
				);
				GCC_WARN_64_TO_32_BIT_CONVERSION = YES;
				GCC_WARN_ABOUT_RETURN_TYPE = YES_ERROR;
				GCC_WARN_UNDECLARED_SELECTOR = YES;
				GCC_WARN_UNINITIALIZED_AUTOS = YES_AGGRESSIVE;
				GCC_WARN_UNUSED_FUNCTION = YES;
				GCC_WARN_UNUSED_VARIABLE = YES;
				IPHONEOS_DEPLOYMENT_TARGET = 13.2;
				MTL_ENABLE_DEBUG_INFO = INCLUDE_SOURCE;
				MTL_FAST_MATH = YES;
				ONLY_ACTIVE_ARCH = YES;
				SDKROOT = iphoneos;
				SWIFT_ACTIVE_COMPILATION_CONDITIONS = DEBUG;
				SWIFT_OPTIMIZATION_LEVEL = "-Onone";
			};
			name = "CPE Dev";
		};
		8D48668D24378985004AD00C /* CPE Dev */ = {
			isa = XCBuildConfiguration;
			baseConfigurationReference = C349B833089219D1C545C5EC /* Pods-multiple-environment.cpe dev.xcconfig */;
			buildSettings = {
				ASSETCATALOG_COMPILER_APPICON_NAME = AppIcon;
				CODE_SIGN_STYLE = Automatic;
				DEVELOPMENT_TEAM = 5B2L4KSFG2;
				INFOPLIST_FILE = "multiple-environment/Info.plist";
				LD_RUNPATH_SEARCH_PATHS = (
					"$(inherited)",
					"@executable_path/Frameworks",
				);
				PRODUCT_BUNDLE_IDENTIFIER = "com.dwirandyh.multiple-environment.cpe.dev";
				PRODUCT_NAME = "CPE-Dev My App";
				SWIFT_VERSION = 5.0;
				TARGETED_DEVICE_FAMILY = "1,2";
			};
			name = "CPE Dev";
		};
		8D48668E24378985004AD00C /* CPE Dev */ = {
			isa = XCBuildConfiguration;
			baseConfigurationReference = 47D246AD14F4A1B5672412C9 /* Pods-multiple-environmentTests.cpe dev.xcconfig */;
			buildSettings = {
				ALWAYS_EMBED_SWIFT_STANDARD_LIBRARIES = YES;
				BUNDLE_LOADER = "$(TEST_HOST)";
				CODE_SIGN_STYLE = Automatic;
				DEVELOPMENT_TEAM = 5B2L4KSFG2;
				INFOPLIST_FILE = "multiple-environmentTests/Info.plist";
				IPHONEOS_DEPLOYMENT_TARGET = 13.2;
				LD_RUNPATH_SEARCH_PATHS = (
					"$(inherited)",
					"@executable_path/Frameworks",
					"@loader_path/Frameworks",
				);
				PRODUCT_BUNDLE_IDENTIFIER = "com.dwirandyh.multiple-environmentTests";
				PRODUCT_NAME = "$(TARGET_NAME)";
				SWIFT_VERSION = 5.0;
				TARGETED_DEVICE_FAMILY = "1,2";
				TEST_HOST = "$(BUILT_PRODUCTS_DIR)/multiple-environment.app/multiple-environment";
			};
			name = "CPE Dev";
		};
		8D48669524378A05004AD00C /* CPE Staging */ = {
			isa = XCBuildConfiguration;
			baseConfigurationReference = 8D8135C12434F1BF00954B21 /* Staging.xcconfig */;
			buildSettings = {
				ALWAYS_SEARCH_USER_PATHS = NO;
				CLANG_ANALYZER_NONNULL = YES;
				CLANG_ANALYZER_NUMBER_OBJECT_CONVERSION = YES_AGGRESSIVE;
				CLANG_CXX_LANGUAGE_STANDARD = "gnu++14";
				CLANG_CXX_LIBRARY = "libc++";
				CLANG_ENABLE_MODULES = YES;
				CLANG_ENABLE_OBJC_ARC = YES;
				CLANG_ENABLE_OBJC_WEAK = YES;
				CLANG_WARN_BLOCK_CAPTURE_AUTORELEASING = YES;
				CLANG_WARN_BOOL_CONVERSION = YES;
				CLANG_WARN_COMMA = YES;
				CLANG_WARN_CONSTANT_CONVERSION = YES;
				CLANG_WARN_DEPRECATED_OBJC_IMPLEMENTATIONS = YES;
				CLANG_WARN_DIRECT_OBJC_ISA_USAGE = YES_ERROR;
				CLANG_WARN_DOCUMENTATION_COMMENTS = YES;
				CLANG_WARN_EMPTY_BODY = YES;
				CLANG_WARN_ENUM_CONVERSION = YES;
				CLANG_WARN_INFINITE_RECURSION = YES;
				CLANG_WARN_INT_CONVERSION = YES;
				CLANG_WARN_NON_LITERAL_NULL_CONVERSION = YES;
				CLANG_WARN_OBJC_IMPLICIT_RETAIN_SELF = YES;
				CLANG_WARN_OBJC_LITERAL_CONVERSION = YES;
				CLANG_WARN_OBJC_ROOT_CLASS = YES_ERROR;
				CLANG_WARN_RANGE_LOOP_ANALYSIS = YES;
				CLANG_WARN_STRICT_PROTOTYPES = YES;
				CLANG_WARN_SUSPICIOUS_MOVE = YES;
				CLANG_WARN_UNGUARDED_AVAILABILITY = YES_AGGRESSIVE;
				CLANG_WARN_UNREACHABLE_CODE = YES;
				CLANG_WARN__DUPLICATE_METHOD_MATCH = YES;
				COPY_PHASE_STRIP = NO;
				DEBUG_INFORMATION_FORMAT = dwarf;
				ENABLE_STRICT_OBJC_MSGSEND = YES;
				ENABLE_TESTABILITY = YES;
				GCC_C_LANGUAGE_STANDARD = gnu11;
				GCC_DYNAMIC_NO_PIC = NO;
				GCC_NO_COMMON_BLOCKS = YES;
				GCC_OPTIMIZATION_LEVEL = 0;
				GCC_PREPROCESSOR_DEFINITIONS = (
					"DEBUG=1",
					"$(inherited)",
				);
				GCC_WARN_64_TO_32_BIT_CONVERSION = YES;
				GCC_WARN_ABOUT_RETURN_TYPE = YES_ERROR;
				GCC_WARN_UNDECLARED_SELECTOR = YES;
				GCC_WARN_UNINITIALIZED_AUTOS = YES_AGGRESSIVE;
				GCC_WARN_UNUSED_FUNCTION = YES;
				GCC_WARN_UNUSED_VARIABLE = YES;
				IPHONEOS_DEPLOYMENT_TARGET = 13.2;
				MTL_ENABLE_DEBUG_INFO = INCLUDE_SOURCE;
				MTL_FAST_MATH = YES;
				ONLY_ACTIVE_ARCH = YES;
				SDKROOT = iphoneos;
				SWIFT_ACTIVE_COMPILATION_CONDITIONS = DEBUG;
				SWIFT_OPTIMIZATION_LEVEL = "-Onone";
			};
			name = "CPE Staging";
		};
		8D48669624378A05004AD00C /* CPE Staging */ = {
			isa = XCBuildConfiguration;
			baseConfigurationReference = A44F3C2F2F34CF01920EB966 /* Pods-multiple-environment.cpe staging.xcconfig */;
			buildSettings = {
				ASSETCATALOG_COMPILER_APPICON_NAME = AppIcon;
				CODE_SIGN_STYLE = Automatic;
				DEVELOPMENT_TEAM = 5B2L4KSFG2;
				INFOPLIST_FILE = "multiple-environment/Info.plist";
				LD_RUNPATH_SEARCH_PATHS = (
					"$(inherited)",
					"@executable_path/Frameworks",
				);
				PRODUCT_BUNDLE_IDENTIFIER = "com.dwirandyh.multiple-environment.cpe.staging";
				PRODUCT_NAME = "CPE-Staging My App";
				SWIFT_VERSION = 5.0;
				TARGETED_DEVICE_FAMILY = "1,2";
			};
			name = "CPE Staging";
		};
		8D48669724378A05004AD00C /* CPE Staging */ = {
			isa = XCBuildConfiguration;
			baseConfigurationReference = 6D5CD485F7DE5E8439481DC2 /* Pods-multiple-environmentTests.cpe staging.xcconfig */;
			buildSettings = {
				ALWAYS_EMBED_SWIFT_STANDARD_LIBRARIES = YES;
				BUNDLE_LOADER = "$(TEST_HOST)";
				CODE_SIGN_STYLE = Automatic;
				DEVELOPMENT_TEAM = 5B2L4KSFG2;
				INFOPLIST_FILE = "multiple-environmentTests/Info.plist";
				IPHONEOS_DEPLOYMENT_TARGET = 13.2;
				LD_RUNPATH_SEARCH_PATHS = (
					"$(inherited)",
					"@executable_path/Frameworks",
					"@loader_path/Frameworks",
				);
				PRODUCT_BUNDLE_IDENTIFIER = "com.dwirandyh.multiple-environmentTests";
				PRODUCT_NAME = "$(TARGET_NAME)";
				SWIFT_VERSION = 5.0;
				TARGETED_DEVICE_FAMILY = "1,2";
				TEST_HOST = "$(BUILT_PRODUCTS_DIR)/multiple-environment.app/multiple-environment";
			};
			name = "CPE Staging";
		};
		8D48669824378A10004AD00C /* MAT Dev */ = {
			isa = XCBuildConfiguration;
			baseConfigurationReference = 8D8135C22434F29700954B21 /* Dev.xcconfig */;
			buildSettings = {
				ALWAYS_SEARCH_USER_PATHS = NO;
				CLANG_ANALYZER_NONNULL = YES;
				CLANG_ANALYZER_NUMBER_OBJECT_CONVERSION = YES_AGGRESSIVE;
				CLANG_CXX_LANGUAGE_STANDARD = "gnu++14";
				CLANG_CXX_LIBRARY = "libc++";
				CLANG_ENABLE_MODULES = YES;
				CLANG_ENABLE_OBJC_ARC = YES;
				CLANG_ENABLE_OBJC_WEAK = YES;
				CLANG_WARN_BLOCK_CAPTURE_AUTORELEASING = YES;
				CLANG_WARN_BOOL_CONVERSION = YES;
				CLANG_WARN_COMMA = YES;
				CLANG_WARN_CONSTANT_CONVERSION = YES;
				CLANG_WARN_DEPRECATED_OBJC_IMPLEMENTATIONS = YES;
				CLANG_WARN_DIRECT_OBJC_ISA_USAGE = YES_ERROR;
				CLANG_WARN_DOCUMENTATION_COMMENTS = YES;
				CLANG_WARN_EMPTY_BODY = YES;
				CLANG_WARN_ENUM_CONVERSION = YES;
				CLANG_WARN_INFINITE_RECURSION = YES;
				CLANG_WARN_INT_CONVERSION = YES;
				CLANG_WARN_NON_LITERAL_NULL_CONVERSION = YES;
				CLANG_WARN_OBJC_IMPLICIT_RETAIN_SELF = YES;
				CLANG_WARN_OBJC_LITERAL_CONVERSION = YES;
				CLANG_WARN_OBJC_ROOT_CLASS = YES_ERROR;
				CLANG_WARN_RANGE_LOOP_ANALYSIS = YES;
				CLANG_WARN_STRICT_PROTOTYPES = YES;
				CLANG_WARN_SUSPICIOUS_MOVE = YES;
				CLANG_WARN_UNGUARDED_AVAILABILITY = YES_AGGRESSIVE;
				CLANG_WARN_UNREACHABLE_CODE = YES;
				CLANG_WARN__DUPLICATE_METHOD_MATCH = YES;
				COPY_PHASE_STRIP = NO;
				DEBUG_INFORMATION_FORMAT = dwarf;
				ENABLE_STRICT_OBJC_MSGSEND = YES;
				ENABLE_TESTABILITY = YES;
				GCC_C_LANGUAGE_STANDARD = gnu11;
				GCC_DYNAMIC_NO_PIC = NO;
				GCC_NO_COMMON_BLOCKS = YES;
				GCC_OPTIMIZATION_LEVEL = 0;
				GCC_PREPROCESSOR_DEFINITIONS = (
					"DEBUG=1",
					"$(inherited)",
				);
				GCC_WARN_64_TO_32_BIT_CONVERSION = YES;
				GCC_WARN_ABOUT_RETURN_TYPE = YES_ERROR;
				GCC_WARN_UNDECLARED_SELECTOR = YES;
				GCC_WARN_UNINITIALIZED_AUTOS = YES_AGGRESSIVE;
				GCC_WARN_UNUSED_FUNCTION = YES;
				GCC_WARN_UNUSED_VARIABLE = YES;
				IPHONEOS_DEPLOYMENT_TARGET = 13.2;
				MTL_ENABLE_DEBUG_INFO = INCLUDE_SOURCE;
				MTL_FAST_MATH = YES;
				ONLY_ACTIVE_ARCH = YES;
				SDKROOT = iphoneos;
				SWIFT_ACTIVE_COMPILATION_CONDITIONS = DEBUG;
				SWIFT_OPTIMIZATION_LEVEL = "-Onone";
			};
			name = "MAT Dev";
		};
		8D48669924378A10004AD00C /* MAT Dev */ = {
			isa = XCBuildConfiguration;
			baseConfigurationReference = 2C07A1F2EBBFBACDBA351D4F /* Pods-multiple-environment.mat dev.xcconfig */;
			buildSettings = {
				ASSETCATALOG_COMPILER_APPICON_NAME = AppIcon;
				CODE_SIGN_STYLE = Automatic;
				DEVELOPMENT_TEAM = 5B2L4KSFG2;
				INFOPLIST_FILE = "multiple-environment/Info.plist";
				LD_RUNPATH_SEARCH_PATHS = (
					"$(inherited)",
					"@executable_path/Frameworks",
				);
				PRODUCT_BUNDLE_IDENTIFIER = "com.dwirandyh.multiple-environment.mat.dev";
				PRODUCT_NAME = "MAT-Dev My App";
				SWIFT_VERSION = 5.0;
				TARGETED_DEVICE_FAMILY = "1,2";
			};
			name = "MAT Dev";
		};
		8D48669A24378A10004AD00C /* MAT Dev */ = {
			isa = XCBuildConfiguration;
			baseConfigurationReference = A8231EA017BCF3ECB9F4D42A /* Pods-multiple-environmentTests.mat dev.xcconfig */;
			buildSettings = {
				ALWAYS_EMBED_SWIFT_STANDARD_LIBRARIES = YES;
				BUNDLE_LOADER = "$(TEST_HOST)";
				CODE_SIGN_STYLE = Automatic;
				DEVELOPMENT_TEAM = 5B2L4KSFG2;
				INFOPLIST_FILE = "multiple-environmentTests/Info.plist";
				IPHONEOS_DEPLOYMENT_TARGET = 13.2;
				LD_RUNPATH_SEARCH_PATHS = (
					"$(inherited)",
					"@executable_path/Frameworks",
					"@loader_path/Frameworks",
				);
				PRODUCT_BUNDLE_IDENTIFIER = "com.dwirandyh.multiple-environmentTests";
				PRODUCT_NAME = "$(TARGET_NAME)";
				SWIFT_VERSION = 5.0;
				TARGETED_DEVICE_FAMILY = "1,2";
				TEST_HOST = "$(BUILT_PRODUCTS_DIR)/multiple-environment.app/multiple-environment";
			};
			name = "MAT Dev";
		};
		8D48669B24378A17004AD00C /* MAT Staging */ = {
			isa = XCBuildConfiguration;
			baseConfigurationReference = 8D8135C12434F1BF00954B21 /* Staging.xcconfig */;
			buildSettings = {
				ALWAYS_SEARCH_USER_PATHS = NO;
				CLANG_ANALYZER_NONNULL = YES;
				CLANG_ANALYZER_NUMBER_OBJECT_CONVERSION = YES_AGGRESSIVE;
				CLANG_CXX_LANGUAGE_STANDARD = "gnu++14";
				CLANG_CXX_LIBRARY = "libc++";
				CLANG_ENABLE_MODULES = YES;
				CLANG_ENABLE_OBJC_ARC = YES;
				CLANG_ENABLE_OBJC_WEAK = YES;
				CLANG_WARN_BLOCK_CAPTURE_AUTORELEASING = YES;
				CLANG_WARN_BOOL_CONVERSION = YES;
				CLANG_WARN_COMMA = YES;
				CLANG_WARN_CONSTANT_CONVERSION = YES;
				CLANG_WARN_DEPRECATED_OBJC_IMPLEMENTATIONS = YES;
				CLANG_WARN_DIRECT_OBJC_ISA_USAGE = YES_ERROR;
				CLANG_WARN_DOCUMENTATION_COMMENTS = YES;
				CLANG_WARN_EMPTY_BODY = YES;
				CLANG_WARN_ENUM_CONVERSION = YES;
				CLANG_WARN_INFINITE_RECURSION = YES;
				CLANG_WARN_INT_CONVERSION = YES;
				CLANG_WARN_NON_LITERAL_NULL_CONVERSION = YES;
				CLANG_WARN_OBJC_IMPLICIT_RETAIN_SELF = YES;
				CLANG_WARN_OBJC_LITERAL_CONVERSION = YES;
				CLANG_WARN_OBJC_ROOT_CLASS = YES_ERROR;
				CLANG_WARN_RANGE_LOOP_ANALYSIS = YES;
				CLANG_WARN_STRICT_PROTOTYPES = YES;
				CLANG_WARN_SUSPICIOUS_MOVE = YES;
				CLANG_WARN_UNGUARDED_AVAILABILITY = YES_AGGRESSIVE;
				CLANG_WARN_UNREACHABLE_CODE = YES;
				CLANG_WARN__DUPLICATE_METHOD_MATCH = YES;
				COPY_PHASE_STRIP = NO;
				DEBUG_INFORMATION_FORMAT = dwarf;
				ENABLE_STRICT_OBJC_MSGSEND = YES;
				ENABLE_TESTABILITY = YES;
				GCC_C_LANGUAGE_STANDARD = gnu11;
				GCC_DYNAMIC_NO_PIC = NO;
				GCC_NO_COMMON_BLOCKS = YES;
				GCC_OPTIMIZATION_LEVEL = 0;
				GCC_PREPROCESSOR_DEFINITIONS = (
					"DEBUG=1",
					"$(inherited)",
				);
				GCC_WARN_64_TO_32_BIT_CONVERSION = YES;
				GCC_WARN_ABOUT_RETURN_TYPE = YES_ERROR;
				GCC_WARN_UNDECLARED_SELECTOR = YES;
				GCC_WARN_UNINITIALIZED_AUTOS = YES_AGGRESSIVE;
				GCC_WARN_UNUSED_FUNCTION = YES;
				GCC_WARN_UNUSED_VARIABLE = YES;
				IPHONEOS_DEPLOYMENT_TARGET = 13.2;
				MTL_ENABLE_DEBUG_INFO = INCLUDE_SOURCE;
				MTL_FAST_MATH = YES;
				ONLY_ACTIVE_ARCH = YES;
				SDKROOT = iphoneos;
				SWIFT_ACTIVE_COMPILATION_CONDITIONS = DEBUG;
				SWIFT_OPTIMIZATION_LEVEL = "-Onone";
			};
			name = "MAT Staging";
		};
		8D48669C24378A17004AD00C /* MAT Staging */ = {
			isa = XCBuildConfiguration;
			baseConfigurationReference = B3F60B2BA63990D66855731E /* Pods-multiple-environment.mat staging.xcconfig */;
			buildSettings = {
				ASSETCATALOG_COMPILER_APPICON_NAME = AppIcon;
				CODE_SIGN_STYLE = Automatic;
				DEVELOPMENT_TEAM = 5B2L4KSFG2;
				INFOPLIST_FILE = "multiple-environment/Info.plist";
				LD_RUNPATH_SEARCH_PATHS = (
					"$(inherited)",
					"@executable_path/Frameworks",
				);
				PRODUCT_BUNDLE_IDENTIFIER = "com.dwirandyh.multiple-environment.mat.staging";
				PRODUCT_NAME = "MAT-Staging My App";
				SWIFT_VERSION = 5.0;
				TARGETED_DEVICE_FAMILY = "1,2";
			};
			name = "MAT Staging";
		};
		8D48669D24378A17004AD00C /* MAT Staging */ = {
			isa = XCBuildConfiguration;
			baseConfigurationReference = FEBBD54DD8E5A7936FC58C19 /* Pods-multiple-environmentTests.mat staging.xcconfig */;
			buildSettings = {
				ALWAYS_EMBED_SWIFT_STANDARD_LIBRARIES = YES;
				BUNDLE_LOADER = "$(TEST_HOST)";
				CODE_SIGN_STYLE = Automatic;
				DEVELOPMENT_TEAM = 5B2L4KSFG2;
				INFOPLIST_FILE = "multiple-environmentTests/Info.plist";
				IPHONEOS_DEPLOYMENT_TARGET = 13.2;
				LD_RUNPATH_SEARCH_PATHS = (
					"$(inherited)",
					"@executable_path/Frameworks",
					"@loader_path/Frameworks",
				);
				PRODUCT_BUNDLE_IDENTIFIER = "com.dwirandyh.multiple-environmentTests";
				PRODUCT_NAME = "$(TARGET_NAME)";
				SWIFT_VERSION = 5.0;
				TARGETED_DEVICE_FAMILY = "1,2";
				TEST_HOST = "$(BUILT_PRODUCTS_DIR)/multiple-environment.app/multiple-environment";
			};
			name = "MAT Staging";
		};
		8D48669E24378A26004AD00C /* MLP Dev */ = {
			isa = XCBuildConfiguration;
			baseConfigurationReference = 8D8135C22434F29700954B21 /* Dev.xcconfig */;
			buildSettings = {
				ALWAYS_SEARCH_USER_PATHS = NO;
				CLANG_ANALYZER_NONNULL = YES;
				CLANG_ANALYZER_NUMBER_OBJECT_CONVERSION = YES_AGGRESSIVE;
				CLANG_CXX_LANGUAGE_STANDARD = "gnu++14";
				CLANG_CXX_LIBRARY = "libc++";
				CLANG_ENABLE_MODULES = YES;
				CLANG_ENABLE_OBJC_ARC = YES;
				CLANG_ENABLE_OBJC_WEAK = YES;
				CLANG_WARN_BLOCK_CAPTURE_AUTORELEASING = YES;
				CLANG_WARN_BOOL_CONVERSION = YES;
				CLANG_WARN_COMMA = YES;
				CLANG_WARN_CONSTANT_CONVERSION = YES;
				CLANG_WARN_DEPRECATED_OBJC_IMPLEMENTATIONS = YES;
				CLANG_WARN_DIRECT_OBJC_ISA_USAGE = YES_ERROR;
				CLANG_WARN_DOCUMENTATION_COMMENTS = YES;
				CLANG_WARN_EMPTY_BODY = YES;
				CLANG_WARN_ENUM_CONVERSION = YES;
				CLANG_WARN_INFINITE_RECURSION = YES;
				CLANG_WARN_INT_CONVERSION = YES;
				CLANG_WARN_NON_LITERAL_NULL_CONVERSION = YES;
				CLANG_WARN_OBJC_IMPLICIT_RETAIN_SELF = YES;
				CLANG_WARN_OBJC_LITERAL_CONVERSION = YES;
				CLANG_WARN_OBJC_ROOT_CLASS = YES_ERROR;
				CLANG_WARN_RANGE_LOOP_ANALYSIS = YES;
				CLANG_WARN_STRICT_PROTOTYPES = YES;
				CLANG_WARN_SUSPICIOUS_MOVE = YES;
				CLANG_WARN_UNGUARDED_AVAILABILITY = YES_AGGRESSIVE;
				CLANG_WARN_UNREACHABLE_CODE = YES;
				CLANG_WARN__DUPLICATE_METHOD_MATCH = YES;
				COPY_PHASE_STRIP = NO;
				DEBUG_INFORMATION_FORMAT = dwarf;
				ENABLE_STRICT_OBJC_MSGSEND = YES;
				ENABLE_TESTABILITY = YES;
				GCC_C_LANGUAGE_STANDARD = gnu11;
				GCC_DYNAMIC_NO_PIC = NO;
				GCC_NO_COMMON_BLOCKS = YES;
				GCC_OPTIMIZATION_LEVEL = 0;
				GCC_PREPROCESSOR_DEFINITIONS = (
					"DEBUG=1",
					"$(inherited)",
				);
				GCC_WARN_64_TO_32_BIT_CONVERSION = YES;
				GCC_WARN_ABOUT_RETURN_TYPE = YES_ERROR;
				GCC_WARN_UNDECLARED_SELECTOR = YES;
				GCC_WARN_UNINITIALIZED_AUTOS = YES_AGGRESSIVE;
				GCC_WARN_UNUSED_FUNCTION = YES;
				GCC_WARN_UNUSED_VARIABLE = YES;
				IPHONEOS_DEPLOYMENT_TARGET = 13.2;
				MTL_ENABLE_DEBUG_INFO = INCLUDE_SOURCE;
				MTL_FAST_MATH = YES;
				ONLY_ACTIVE_ARCH = YES;
				SDKROOT = iphoneos;
				SWIFT_ACTIVE_COMPILATION_CONDITIONS = DEBUG;
				SWIFT_OPTIMIZATION_LEVEL = "-Onone";
			};
			name = "MLP Dev";
		};
		8D48669F24378A26004AD00C /* MLP Dev */ = {
			isa = XCBuildConfiguration;
			baseConfigurationReference = 36F908A993A48CB6D91A689C /* Pods-multiple-environment.mlp dev.xcconfig */;
			buildSettings = {
				ASSETCATALOG_COMPILER_APPICON_NAME = AppIcon;
				CODE_SIGN_STYLE = Automatic;
				DEVELOPMENT_TEAM = 5B2L4KSFG2;
				INFOPLIST_FILE = "multiple-environment/Info.plist";
				LD_RUNPATH_SEARCH_PATHS = (
					"$(inherited)",
					"@executable_path/Frameworks",
				);
				PRODUCT_BUNDLE_IDENTIFIER = "com.dwirandyh.multiple-environment.mlp.dev";
				PRODUCT_NAME = "MLP-Dev MyApp";
				SWIFT_VERSION = 5.0;
				TARGETED_DEVICE_FAMILY = "1,2";
			};
			name = "MLP Dev";
		};
		8D4866A024378A26004AD00C /* MLP Dev */ = {
			isa = XCBuildConfiguration;
			baseConfigurationReference = E533B6A6DC1B2BF7CD80D426 /* Pods-multiple-environmentTests.mlp dev.xcconfig */;
			buildSettings = {
				ALWAYS_EMBED_SWIFT_STANDARD_LIBRARIES = YES;
				BUNDLE_LOADER = "$(TEST_HOST)";
				CODE_SIGN_STYLE = Automatic;
				DEVELOPMENT_TEAM = 5B2L4KSFG2;
				INFOPLIST_FILE = "multiple-environmentTests/Info.plist";
				IPHONEOS_DEPLOYMENT_TARGET = 13.2;
				LD_RUNPATH_SEARCH_PATHS = (
					"$(inherited)",
					"@executable_path/Frameworks",
					"@loader_path/Frameworks",
				);
				PRODUCT_BUNDLE_IDENTIFIER = "com.dwirandyh.multiple-environmentTests";
				PRODUCT_NAME = "$(TARGET_NAME)";
				SWIFT_VERSION = 5.0;
				TARGETED_DEVICE_FAMILY = "1,2";
				TEST_HOST = "$(BUILT_PRODUCTS_DIR)/multiple-environment.app/multiple-environment";
			};
			name = "MLP Dev";
		};
		8D4866A124378A3A004AD00C /* MLP Staging */ = {
			isa = XCBuildConfiguration;
			baseConfigurationReference = 8D8135C12434F1BF00954B21 /* Staging.xcconfig */;
			buildSettings = {
				ALWAYS_SEARCH_USER_PATHS = NO;
				CLANG_ANALYZER_NONNULL = YES;
				CLANG_ANALYZER_NUMBER_OBJECT_CONVERSION = YES_AGGRESSIVE;
				CLANG_CXX_LANGUAGE_STANDARD = "gnu++14";
				CLANG_CXX_LIBRARY = "libc++";
				CLANG_ENABLE_MODULES = YES;
				CLANG_ENABLE_OBJC_ARC = YES;
				CLANG_ENABLE_OBJC_WEAK = YES;
				CLANG_WARN_BLOCK_CAPTURE_AUTORELEASING = YES;
				CLANG_WARN_BOOL_CONVERSION = YES;
				CLANG_WARN_COMMA = YES;
				CLANG_WARN_CONSTANT_CONVERSION = YES;
				CLANG_WARN_DEPRECATED_OBJC_IMPLEMENTATIONS = YES;
				CLANG_WARN_DIRECT_OBJC_ISA_USAGE = YES_ERROR;
				CLANG_WARN_DOCUMENTATION_COMMENTS = YES;
				CLANG_WARN_EMPTY_BODY = YES;
				CLANG_WARN_ENUM_CONVERSION = YES;
				CLANG_WARN_INFINITE_RECURSION = YES;
				CLANG_WARN_INT_CONVERSION = YES;
				CLANG_WARN_NON_LITERAL_NULL_CONVERSION = YES;
				CLANG_WARN_OBJC_IMPLICIT_RETAIN_SELF = YES;
				CLANG_WARN_OBJC_LITERAL_CONVERSION = YES;
				CLANG_WARN_OBJC_ROOT_CLASS = YES_ERROR;
				CLANG_WARN_RANGE_LOOP_ANALYSIS = YES;
				CLANG_WARN_STRICT_PROTOTYPES = YES;
				CLANG_WARN_SUSPICIOUS_MOVE = YES;
				CLANG_WARN_UNGUARDED_AVAILABILITY = YES_AGGRESSIVE;
				CLANG_WARN_UNREACHABLE_CODE = YES;
				CLANG_WARN__DUPLICATE_METHOD_MATCH = YES;
				COPY_PHASE_STRIP = NO;
				DEBUG_INFORMATION_FORMAT = dwarf;
				ENABLE_STRICT_OBJC_MSGSEND = YES;
				ENABLE_TESTABILITY = YES;
				GCC_C_LANGUAGE_STANDARD = gnu11;
				GCC_DYNAMIC_NO_PIC = NO;
				GCC_NO_COMMON_BLOCKS = YES;
				GCC_OPTIMIZATION_LEVEL = 0;
				GCC_PREPROCESSOR_DEFINITIONS = (
					"DEBUG=1",
					"$(inherited)",
				);
				GCC_WARN_64_TO_32_BIT_CONVERSION = YES;
				GCC_WARN_ABOUT_RETURN_TYPE = YES_ERROR;
				GCC_WARN_UNDECLARED_SELECTOR = YES;
				GCC_WARN_UNINITIALIZED_AUTOS = YES_AGGRESSIVE;
				GCC_WARN_UNUSED_FUNCTION = YES;
				GCC_WARN_UNUSED_VARIABLE = YES;
				IPHONEOS_DEPLOYMENT_TARGET = 13.2;
				MTL_ENABLE_DEBUG_INFO = INCLUDE_SOURCE;
				MTL_FAST_MATH = YES;
				ONLY_ACTIVE_ARCH = YES;
				SDKROOT = iphoneos;
				SWIFT_ACTIVE_COMPILATION_CONDITIONS = DEBUG;
				SWIFT_OPTIMIZATION_LEVEL = "-Onone";
			};
			name = "MLP Staging";
		};
		8D4866A224378A3A004AD00C /* MLP Staging */ = {
			isa = XCBuildConfiguration;
			baseConfigurationReference = 4399D094282CA000C5C352F4 /* Pods-multiple-environment.mlp staging.xcconfig */;
			buildSettings = {
				ASSETCATALOG_COMPILER_APPICON_NAME = AppIcon;
				CODE_SIGN_STYLE = Automatic;
				DEVELOPMENT_TEAM = 5B2L4KSFG2;
				INFOPLIST_FILE = "multiple-environment/Info.plist";
				LD_RUNPATH_SEARCH_PATHS = (
					"$(inherited)",
					"@executable_path/Frameworks",
				);
				PRODUCT_BUNDLE_IDENTIFIER = "com.dwirandyh.multiple-environment.mlp.staging";
				PRODUCT_NAME = "MLP-Staging MyApp";
				SWIFT_VERSION = 5.0;
				TARGETED_DEVICE_FAMILY = "1,2";
			};
			name = "MLP Staging";
		};
		8D4866A324378A3A004AD00C /* MLP Staging */ = {
			isa = XCBuildConfiguration;
			baseConfigurationReference = 5EC51244DA1F9FA38DA6BB87 /* Pods-multiple-environmentTests.mlp staging.xcconfig */;
			buildSettings = {
				ALWAYS_EMBED_SWIFT_STANDARD_LIBRARIES = YES;
				BUNDLE_LOADER = "$(TEST_HOST)";
				CODE_SIGN_STYLE = Automatic;
				DEVELOPMENT_TEAM = 5B2L4KSFG2;
				INFOPLIST_FILE = "multiple-environmentTests/Info.plist";
				IPHONEOS_DEPLOYMENT_TARGET = 13.2;
				LD_RUNPATH_SEARCH_PATHS = (
					"$(inherited)",
					"@executable_path/Frameworks",
					"@loader_path/Frameworks",
				);
				PRODUCT_BUNDLE_IDENTIFIER = "com.dwirandyh.multiple-environmentTests";
				PRODUCT_NAME = "$(TARGET_NAME)";
				SWIFT_VERSION = 5.0;
				TARGETED_DEVICE_FAMILY = "1,2";
				TEST_HOST = "$(BUILT_PRODUCTS_DIR)/multiple-environment.app/multiple-environment";
			};
			name = "MLP Staging";
		};
		8D4866A424378A43004AD00C /* Release */ = {
			isa = XCBuildConfiguration;
			baseConfigurationReference = 8D8135C12434F1BF00954B21 /* Staging.xcconfig */;
			buildSettings = {
				ALWAYS_SEARCH_USER_PATHS = NO;
				CLANG_ANALYZER_NONNULL = YES;
				CLANG_ANALYZER_NUMBER_OBJECT_CONVERSION = YES_AGGRESSIVE;
				CLANG_CXX_LANGUAGE_STANDARD = "gnu++14";
				CLANG_CXX_LIBRARY = "libc++";
				CLANG_ENABLE_MODULES = YES;
				CLANG_ENABLE_OBJC_ARC = YES;
				CLANG_ENABLE_OBJC_WEAK = YES;
				CLANG_WARN_BLOCK_CAPTURE_AUTORELEASING = YES;
				CLANG_WARN_BOOL_CONVERSION = YES;
				CLANG_WARN_COMMA = YES;
				CLANG_WARN_CONSTANT_CONVERSION = YES;
				CLANG_WARN_DEPRECATED_OBJC_IMPLEMENTATIONS = YES;
				CLANG_WARN_DIRECT_OBJC_ISA_USAGE = YES_ERROR;
				CLANG_WARN_DOCUMENTATION_COMMENTS = YES;
				CLANG_WARN_EMPTY_BODY = YES;
				CLANG_WARN_ENUM_CONVERSION = YES;
				CLANG_WARN_INFINITE_RECURSION = YES;
				CLANG_WARN_INT_CONVERSION = YES;
				CLANG_WARN_NON_LITERAL_NULL_CONVERSION = YES;
				CLANG_WARN_OBJC_IMPLICIT_RETAIN_SELF = YES;
				CLANG_WARN_OBJC_LITERAL_CONVERSION = YES;
				CLANG_WARN_OBJC_ROOT_CLASS = YES_ERROR;
				CLANG_WARN_RANGE_LOOP_ANALYSIS = YES;
				CLANG_WARN_STRICT_PROTOTYPES = YES;
				CLANG_WARN_SUSPICIOUS_MOVE = YES;
				CLANG_WARN_UNGUARDED_AVAILABILITY = YES_AGGRESSIVE;
				CLANG_WARN_UNREACHABLE_CODE = YES;
				CLANG_WARN__DUPLICATE_METHOD_MATCH = YES;
				COPY_PHASE_STRIP = NO;
				DEBUG_INFORMATION_FORMAT = dwarf;
				ENABLE_STRICT_OBJC_MSGSEND = YES;
				ENABLE_TESTABILITY = YES;
				GCC_C_LANGUAGE_STANDARD = gnu11;
				GCC_DYNAMIC_NO_PIC = NO;
				GCC_NO_COMMON_BLOCKS = YES;
				GCC_OPTIMIZATION_LEVEL = 0;
				GCC_PREPROCESSOR_DEFINITIONS = (
					"DEBUG=1",
					"$(inherited)",
				);
				GCC_WARN_64_TO_32_BIT_CONVERSION = YES;
				GCC_WARN_ABOUT_RETURN_TYPE = YES_ERROR;
				GCC_WARN_UNDECLARED_SELECTOR = YES;
				GCC_WARN_UNINITIALIZED_AUTOS = YES_AGGRESSIVE;
				GCC_WARN_UNUSED_FUNCTION = YES;
				GCC_WARN_UNUSED_VARIABLE = YES;
				IPHONEOS_DEPLOYMENT_TARGET = 13.2;
				MTL_ENABLE_DEBUG_INFO = INCLUDE_SOURCE;
				MTL_FAST_MATH = YES;
				ONLY_ACTIVE_ARCH = YES;
				SDKROOT = iphoneos;
				SWIFT_ACTIVE_COMPILATION_CONDITIONS = DEBUG;
				SWIFT_OPTIMIZATION_LEVEL = "-Onone";
			};
			name = Release;
		};
		8D4866A524378A43004AD00C /* Release */ = {
			isa = XCBuildConfiguration;
			baseConfigurationReference = 0D34D70AE9DF1CFE439BB3CC /* Pods-multiple-environment.release.xcconfig */;
			buildSettings = {
				ASSETCATALOG_COMPILER_APPICON_NAME = AppIcon;
				CODE_SIGN_STYLE = Automatic;
				DEVELOPMENT_TEAM = 5B2L4KSFG2;
				INFOPLIST_FILE = "multiple-environment/Info.plist";
				LD_RUNPATH_SEARCH_PATHS = (
					"$(inherited)",
					"@executable_path/Frameworks",
				);
				PRODUCT_BUNDLE_IDENTIFIER = "com.dwirandyh.multiple-environment";
				PRODUCT_NAME = "Release-MyApp";
				SWIFT_VERSION = 5.0;
				TARGETED_DEVICE_FAMILY = "1,2";
			};
			name = Release;
		};
		8D4866A624378A43004AD00C /* Release */ = {
			isa = XCBuildConfiguration;
			baseConfigurationReference = 7CB723982DEF2B0DD6170347 /* Pods-multiple-environmentTests.release.xcconfig */;
			buildSettings = {
				ALWAYS_EMBED_SWIFT_STANDARD_LIBRARIES = YES;
				BUNDLE_LOADER = "$(TEST_HOST)";
				CODE_SIGN_STYLE = Automatic;
				DEVELOPMENT_TEAM = 5B2L4KSFG2;
				INFOPLIST_FILE = "multiple-environmentTests/Info.plist";
				IPHONEOS_DEPLOYMENT_TARGET = 13.2;
				LD_RUNPATH_SEARCH_PATHS = (
					"$(inherited)",
					"@executable_path/Frameworks",
					"@loader_path/Frameworks",
				);
				PRODUCT_BUNDLE_IDENTIFIER = "com.dwirandyh.multiple-environmentTests";
				PRODUCT_NAME = "$(TARGET_NAME)";
				SWIFT_VERSION = 5.0;
				TARGETED_DEVICE_FAMILY = "1,2";
				TEST_HOST = "$(BUILT_PRODUCTS_DIR)/multiple-environment.app/multiple-environment";
			};
			name = Release;
		};
		8D8135B42434EFC500954B21 /* LDG Dev */ = {
			isa = XCBuildConfiguration;
			baseConfigurationReference = 8D8135C22434F29700954B21 /* Dev.xcconfig */;
			buildSettings = {
				ALWAYS_SEARCH_USER_PATHS = NO;
				CLANG_ANALYZER_NONNULL = YES;
				CLANG_ANALYZER_NUMBER_OBJECT_CONVERSION = YES_AGGRESSIVE;
				CLANG_CXX_LANGUAGE_STANDARD = "gnu++14";
				CLANG_CXX_LIBRARY = "libc++";
				CLANG_ENABLE_MODULES = YES;
				CLANG_ENABLE_OBJC_ARC = YES;
				CLANG_ENABLE_OBJC_WEAK = YES;
				CLANG_WARN_BLOCK_CAPTURE_AUTORELEASING = YES;
				CLANG_WARN_BOOL_CONVERSION = YES;
				CLANG_WARN_COMMA = YES;
				CLANG_WARN_CONSTANT_CONVERSION = YES;
				CLANG_WARN_DEPRECATED_OBJC_IMPLEMENTATIONS = YES;
				CLANG_WARN_DIRECT_OBJC_ISA_USAGE = YES_ERROR;
				CLANG_WARN_DOCUMENTATION_COMMENTS = YES;
				CLANG_WARN_EMPTY_BODY = YES;
				CLANG_WARN_ENUM_CONVERSION = YES;
				CLANG_WARN_INFINITE_RECURSION = YES;
				CLANG_WARN_INT_CONVERSION = YES;
				CLANG_WARN_NON_LITERAL_NULL_CONVERSION = YES;
				CLANG_WARN_OBJC_IMPLICIT_RETAIN_SELF = YES;
				CLANG_WARN_OBJC_LITERAL_CONVERSION = YES;
				CLANG_WARN_OBJC_ROOT_CLASS = YES_ERROR;
				CLANG_WARN_RANGE_LOOP_ANALYSIS = YES;
				CLANG_WARN_STRICT_PROTOTYPES = YES;
				CLANG_WARN_SUSPICIOUS_MOVE = YES;
				CLANG_WARN_UNGUARDED_AVAILABILITY = YES_AGGRESSIVE;
				CLANG_WARN_UNREACHABLE_CODE = YES;
				CLANG_WARN__DUPLICATE_METHOD_MATCH = YES;
				COPY_PHASE_STRIP = NO;
				DEBUG_INFORMATION_FORMAT = dwarf;
				ENABLE_STRICT_OBJC_MSGSEND = YES;
				ENABLE_TESTABILITY = YES;
				GCC_C_LANGUAGE_STANDARD = gnu11;
				GCC_DYNAMIC_NO_PIC = NO;
				GCC_NO_COMMON_BLOCKS = YES;
				GCC_OPTIMIZATION_LEVEL = 0;
				GCC_PREPROCESSOR_DEFINITIONS = (
					"DEBUG=1",
					"$(inherited)",
				);
				GCC_WARN_64_TO_32_BIT_CONVERSION = YES;
				GCC_WARN_ABOUT_RETURN_TYPE = YES_ERROR;
				GCC_WARN_UNDECLARED_SELECTOR = YES;
				GCC_WARN_UNINITIALIZED_AUTOS = YES_AGGRESSIVE;
				GCC_WARN_UNUSED_FUNCTION = YES;
				GCC_WARN_UNUSED_VARIABLE = YES;
				IPHONEOS_DEPLOYMENT_TARGET = 13.2;
				MTL_ENABLE_DEBUG_INFO = INCLUDE_SOURCE;
				MTL_FAST_MATH = YES;
				ONLY_ACTIVE_ARCH = YES;
				SDKROOT = iphoneos;
				SWIFT_ACTIVE_COMPILATION_CONDITIONS = DEBUG;
				SWIFT_OPTIMIZATION_LEVEL = "-Onone";
			};
			name = "LDG Dev";
		};
		8D8135B52434EFC500954B21 /* Production */ = {
			isa = XCBuildConfiguration;
			baseConfigurationReference = 8D8135C32434F2AE00954B21 /* Release.xcconfig */;
			buildSettings = {
				ALWAYS_SEARCH_USER_PATHS = NO;
				CLANG_ANALYZER_NONNULL = YES;
				CLANG_ANALYZER_NUMBER_OBJECT_CONVERSION = YES_AGGRESSIVE;
				CLANG_CXX_LANGUAGE_STANDARD = "gnu++14";
				CLANG_CXX_LIBRARY = "libc++";
				CLANG_ENABLE_MODULES = YES;
				CLANG_ENABLE_OBJC_ARC = YES;
				CLANG_ENABLE_OBJC_WEAK = YES;
				CLANG_WARN_BLOCK_CAPTURE_AUTORELEASING = YES;
				CLANG_WARN_BOOL_CONVERSION = YES;
				CLANG_WARN_COMMA = YES;
				CLANG_WARN_CONSTANT_CONVERSION = YES;
				CLANG_WARN_DEPRECATED_OBJC_IMPLEMENTATIONS = YES;
				CLANG_WARN_DIRECT_OBJC_ISA_USAGE = YES_ERROR;
				CLANG_WARN_DOCUMENTATION_COMMENTS = YES;
				CLANG_WARN_EMPTY_BODY = YES;
				CLANG_WARN_ENUM_CONVERSION = YES;
				CLANG_WARN_INFINITE_RECURSION = YES;
				CLANG_WARN_INT_CONVERSION = YES;
				CLANG_WARN_NON_LITERAL_NULL_CONVERSION = YES;
				CLANG_WARN_OBJC_IMPLICIT_RETAIN_SELF = YES;
				CLANG_WARN_OBJC_LITERAL_CONVERSION = YES;
				CLANG_WARN_OBJC_ROOT_CLASS = YES_ERROR;
				CLANG_WARN_RANGE_LOOP_ANALYSIS = YES;
				CLANG_WARN_STRICT_PROTOTYPES = YES;
				CLANG_WARN_SUSPICIOUS_MOVE = YES;
				CLANG_WARN_UNGUARDED_AVAILABILITY = YES_AGGRESSIVE;
				CLANG_WARN_UNREACHABLE_CODE = YES;
				CLANG_WARN__DUPLICATE_METHOD_MATCH = YES;
				COPY_PHASE_STRIP = NO;
				DEBUG_INFORMATION_FORMAT = "dwarf-with-dsym";
				ENABLE_NS_ASSERTIONS = NO;
				ENABLE_STRICT_OBJC_MSGSEND = YES;
				GCC_C_LANGUAGE_STANDARD = gnu11;
				GCC_NO_COMMON_BLOCKS = YES;
				GCC_WARN_64_TO_32_BIT_CONVERSION = YES;
				GCC_WARN_ABOUT_RETURN_TYPE = YES_ERROR;
				GCC_WARN_UNDECLARED_SELECTOR = YES;
				GCC_WARN_UNINITIALIZED_AUTOS = YES_AGGRESSIVE;
				GCC_WARN_UNUSED_FUNCTION = YES;
				GCC_WARN_UNUSED_VARIABLE = YES;
				IPHONEOS_DEPLOYMENT_TARGET = 13.2;
				MTL_ENABLE_DEBUG_INFO = NO;
				MTL_FAST_MATH = YES;
				SDKROOT = iphoneos;
				SWIFT_ACTIVE_COMPILATION_CONDITIONS = DEBUG;
				SWIFT_COMPILATION_MODE = wholemodule;
				SWIFT_OPTIMIZATION_LEVEL = "-O";
				VALIDATE_PRODUCT = YES;
			};
			name = Production;
		};
		8D8135B72434EFC500954B21 /* LDG Dev */ = {
			isa = XCBuildConfiguration;
			baseConfigurationReference = 169CDC511AF5A94E2B785E3A /* Pods-multiple-environment.ldg dev.xcconfig */;
			buildSettings = {
				ASSETCATALOG_COMPILER_APPICON_NAME = AppIcon;
				CODE_SIGN_STYLE = Automatic;
				DEVELOPMENT_TEAM = 5B2L4KSFG2;
				INFOPLIST_FILE = "multiple-environment/Info.plist";
				LD_RUNPATH_SEARCH_PATHS = (
					"$(inherited)",
					"@executable_path/Frameworks",
				);
				PRODUCT_BUNDLE_IDENTIFIER = "com.dwirandyh.multiple-environment.ldg.dev";
				PRODUCT_NAME = "LDG-Dev My App";
				SWIFT_VERSION = 5.0;
				TARGETED_DEVICE_FAMILY = "1,2";
			};
			name = "LDG Dev";
		};
		8D8135B82434EFC500954B21 /* Production */ = {
			isa = XCBuildConfiguration;
			baseConfigurationReference = 981165AC9F617716DA498BDA /* Pods-multiple-environment.production.xcconfig */;
			buildSettings = {
				ASSETCATALOG_COMPILER_APPICON_NAME = AppIcon;
				CODE_SIGN_STYLE = Automatic;
				DEVELOPMENT_TEAM = 5B2L4KSFG2;
				INFOPLIST_FILE = "multiple-environment/Info.plist";
				LD_RUNPATH_SEARCH_PATHS = (
					"$(inherited)",
					"@executable_path/Frameworks",
				);
				PRODUCT_BUNDLE_IDENTIFIER = "com.dwirandyh.multiple-environment.release";
				PRODUCT_NAME = "My App";
				SWIFT_VERSION = 5.0;
				TARGETED_DEVICE_FAMILY = "1,2";
			};
			name = Production;
		};
		8D8135BA2434EFC500954B21 /* LDG Dev */ = {
			isa = XCBuildConfiguration;
			baseConfigurationReference = 36FBF37F2AE472ECDEB8110F /* Pods-multiple-environmentTests.ldg dev.xcconfig */;
			buildSettings = {
				ALWAYS_EMBED_SWIFT_STANDARD_LIBRARIES = YES;
				BUNDLE_LOADER = "$(TEST_HOST)";
				CODE_SIGN_STYLE = Automatic;
				DEVELOPMENT_TEAM = 5B2L4KSFG2;
				INFOPLIST_FILE = "multiple-environmentTests/Info.plist";
				IPHONEOS_DEPLOYMENT_TARGET = 13.2;
				LD_RUNPATH_SEARCH_PATHS = (
					"$(inherited)",
					"@executable_path/Frameworks",
					"@loader_path/Frameworks",
				);
				PRODUCT_BUNDLE_IDENTIFIER = "com.dwirandyh.multiple-environmentTests";
				PRODUCT_NAME = "$(TARGET_NAME)";
				SWIFT_VERSION = 5.0;
				TARGETED_DEVICE_FAMILY = "1,2";
				TEST_HOST = "$(BUILT_PRODUCTS_DIR)/multiple-environment.app/multiple-environment";
			};
			name = "LDG Dev";
		};
		8D8135BB2434EFC500954B21 /* Production */ = {
			isa = XCBuildConfiguration;
			baseConfigurationReference = 90DD63E2D928D84B37951B2E /* Pods-multiple-environmentTests.production.xcconfig */;
			buildSettings = {
				ALWAYS_EMBED_SWIFT_STANDARD_LIBRARIES = YES;
				BUNDLE_LOADER = "$(TEST_HOST)";
				CODE_SIGN_STYLE = Automatic;
				DEVELOPMENT_TEAM = 5B2L4KSFG2;
				INFOPLIST_FILE = "multiple-environmentTests/Info.plist";
				IPHONEOS_DEPLOYMENT_TARGET = 13.2;
				LD_RUNPATH_SEARCH_PATHS = (
					"$(inherited)",
					"@executable_path/Frameworks",
					"@loader_path/Frameworks",
				);
				PRODUCT_BUNDLE_IDENTIFIER = "com.dwirandyh.multiple-environmentTests";
				PRODUCT_NAME = "$(TARGET_NAME)";
				SWIFT_VERSION = 5.0;
				TARGETED_DEVICE_FAMILY = "1,2";
				TEST_HOST = "$(BUILT_PRODUCTS_DIR)/multiple-environment.app/multiple-environment";
			};
			name = Production;
		};
		8D8135BD2434F15800954B21 /* LDG Staging */ = {
			isa = XCBuildConfiguration;
			baseConfigurationReference = 8D8135C12434F1BF00954B21 /* Staging.xcconfig */;
			buildSettings = {
				ALWAYS_SEARCH_USER_PATHS = NO;
				CLANG_ANALYZER_NONNULL = YES;
				CLANG_ANALYZER_NUMBER_OBJECT_CONVERSION = YES_AGGRESSIVE;
				CLANG_CXX_LANGUAGE_STANDARD = "gnu++14";
				CLANG_CXX_LIBRARY = "libc++";
				CLANG_ENABLE_MODULES = YES;
				CLANG_ENABLE_OBJC_ARC = YES;
				CLANG_ENABLE_OBJC_WEAK = YES;
				CLANG_WARN_BLOCK_CAPTURE_AUTORELEASING = YES;
				CLANG_WARN_BOOL_CONVERSION = YES;
				CLANG_WARN_COMMA = YES;
				CLANG_WARN_CONSTANT_CONVERSION = YES;
				CLANG_WARN_DEPRECATED_OBJC_IMPLEMENTATIONS = YES;
				CLANG_WARN_DIRECT_OBJC_ISA_USAGE = YES_ERROR;
				CLANG_WARN_DOCUMENTATION_COMMENTS = YES;
				CLANG_WARN_EMPTY_BODY = YES;
				CLANG_WARN_ENUM_CONVERSION = YES;
				CLANG_WARN_INFINITE_RECURSION = YES;
				CLANG_WARN_INT_CONVERSION = YES;
				CLANG_WARN_NON_LITERAL_NULL_CONVERSION = YES;
				CLANG_WARN_OBJC_IMPLICIT_RETAIN_SELF = YES;
				CLANG_WARN_OBJC_LITERAL_CONVERSION = YES;
				CLANG_WARN_OBJC_ROOT_CLASS = YES_ERROR;
				CLANG_WARN_RANGE_LOOP_ANALYSIS = YES;
				CLANG_WARN_STRICT_PROTOTYPES = YES;
				CLANG_WARN_SUSPICIOUS_MOVE = YES;
				CLANG_WARN_UNGUARDED_AVAILABILITY = YES_AGGRESSIVE;
				CLANG_WARN_UNREACHABLE_CODE = YES;
				CLANG_WARN__DUPLICATE_METHOD_MATCH = YES;
				COPY_PHASE_STRIP = NO;
				DEBUG_INFORMATION_FORMAT = dwarf;
				ENABLE_STRICT_OBJC_MSGSEND = YES;
				ENABLE_TESTABILITY = YES;
				GCC_C_LANGUAGE_STANDARD = gnu11;
				GCC_DYNAMIC_NO_PIC = NO;
				GCC_NO_COMMON_BLOCKS = YES;
				GCC_OPTIMIZATION_LEVEL = 0;
				GCC_PREPROCESSOR_DEFINITIONS = (
					"DEBUG=1",
					"$(inherited)",
				);
				GCC_WARN_64_TO_32_BIT_CONVERSION = YES;
				GCC_WARN_ABOUT_RETURN_TYPE = YES_ERROR;
				GCC_WARN_UNDECLARED_SELECTOR = YES;
				GCC_WARN_UNINITIALIZED_AUTOS = YES_AGGRESSIVE;
				GCC_WARN_UNUSED_FUNCTION = YES;
				GCC_WARN_UNUSED_VARIABLE = YES;
				IPHONEOS_DEPLOYMENT_TARGET = 13.2;
				MTL_ENABLE_DEBUG_INFO = INCLUDE_SOURCE;
				MTL_FAST_MATH = YES;
				ONLY_ACTIVE_ARCH = YES;
				SDKROOT = iphoneos;
				SWIFT_ACTIVE_COMPILATION_CONDITIONS = DEBUG;
				SWIFT_OPTIMIZATION_LEVEL = "-Onone";
			};
			name = "LDG Staging";
		};
		8D8135BE2434F15800954B21 /* LDG Staging */ = {
			isa = XCBuildConfiguration;
			baseConfigurationReference = AFB251DF5E68D402E4A0908C /* Pods-multiple-environment.ldg staging.xcconfig */;
			buildSettings = {
				ASSETCATALOG_COMPILER_APPICON_NAME = AppIcon;
				CODE_SIGN_STYLE = Automatic;
				DEVELOPMENT_TEAM = 5B2L4KSFG2;
				INFOPLIST_FILE = "multiple-environment/Info.plist";
				LD_RUNPATH_SEARCH_PATHS = (
					"$(inherited)",
					"@executable_path/Frameworks",
				);
				PRODUCT_BUNDLE_IDENTIFIER = "com.dwirandyh.multiple-environment.ldg.staging";
				PRODUCT_NAME = "LDG-Staging My App";
				SWIFT_VERSION = 5.0;
				TARGETED_DEVICE_FAMILY = "1,2";
			};
			name = "LDG Staging";
		};
		8D8135BF2434F15800954B21 /* LDG Staging */ = {
			isa = XCBuildConfiguration;
			baseConfigurationReference = B41B8C26F8AA348C31D32574 /* Pods-multiple-environmentTests.ldg staging.xcconfig */;
			buildSettings = {
				ALWAYS_EMBED_SWIFT_STANDARD_LIBRARIES = YES;
				BUNDLE_LOADER = "$(TEST_HOST)";
				CODE_SIGN_STYLE = Automatic;
				DEVELOPMENT_TEAM = 5B2L4KSFG2;
				INFOPLIST_FILE = "multiple-environmentTests/Info.plist";
				IPHONEOS_DEPLOYMENT_TARGET = 13.2;
				LD_RUNPATH_SEARCH_PATHS = (
					"$(inherited)",
					"@executable_path/Frameworks",
					"@loader_path/Frameworks",
				);
				PRODUCT_BUNDLE_IDENTIFIER = "com.dwirandyh.multiple-environmentTests";
				PRODUCT_NAME = "$(TARGET_NAME)";
				SWIFT_VERSION = 5.0;
				TARGETED_DEVICE_FAMILY = "1,2";
				TEST_HOST = "$(BUILT_PRODUCTS_DIR)/multiple-environment.app/multiple-environment";
			};
			name = "LDG Staging";
		};
/* End XCBuildConfiguration section */

/* Begin XCConfigurationList section */
		8D8135922434EFC400954B21 /* Build configuration list for PBXProject "multiple-environment" */ = {
			isa = XCConfigurationList;
			buildConfigurations = (
				8D8135B42434EFC500954B21 /* LDG Dev */,
				8D8135BD2434F15800954B21 /* LDG Staging */,
				8D48668C24378985004AD00C /* CPE Dev */,
				8D48669524378A05004AD00C /* CPE Staging */,
				8D48669824378A10004AD00C /* MAT Dev */,
				8D48669B24378A17004AD00C /* MAT Staging */,
				8D48669E24378A26004AD00C /* MLP Dev */,
				8D4866A124378A3A004AD00C /* MLP Staging */,
				8D4866A424378A43004AD00C /* Release */,
				8D8135B52434EFC500954B21 /* Production */,
			);
			defaultConfigurationIsVisible = 0;
			defaultConfigurationName = Production;
		};
		8D8135B62434EFC500954B21 /* Build configuration list for PBXNativeTarget "multiple-environment" */ = {
			isa = XCConfigurationList;
			buildConfigurations = (
				8D8135B72434EFC500954B21 /* LDG Dev */,
				8D8135BE2434F15800954B21 /* LDG Staging */,
				8D48668D24378985004AD00C /* CPE Dev */,
				8D48669624378A05004AD00C /* CPE Staging */,
				8D48669924378A10004AD00C /* MAT Dev */,
				8D48669C24378A17004AD00C /* MAT Staging */,
				8D48669F24378A26004AD00C /* MLP Dev */,
				8D4866A224378A3A004AD00C /* MLP Staging */,
				8D4866A524378A43004AD00C /* Release */,
				8D8135B82434EFC500954B21 /* Production */,
			);
			defaultConfigurationIsVisible = 0;
			defaultConfigurationName = Production;
		};
		8D8135B92434EFC500954B21 /* Build configuration list for PBXNativeTarget "multiple-environmentTests" */ = {
			isa = XCConfigurationList;
			buildConfigurations = (
				8D8135BA2434EFC500954B21 /* LDG Dev */,
				8D8135BF2434F15800954B21 /* LDG Staging */,
				8D48668E24378985004AD00C /* CPE Dev */,
				8D48669724378A05004AD00C /* CPE Staging */,
				8D48669A24378A10004AD00C /* MAT Dev */,
				8D48669D24378A17004AD00C /* MAT Staging */,
				8D4866A024378A26004AD00C /* MLP Dev */,
				8D4866A324378A3A004AD00C /* MLP Staging */,
				8D4866A624378A43004AD00C /* Release */,
				8D8135BB2434EFC500954B21 /* Production */,
			);
			defaultConfigurationIsVisible = 0;
			defaultConfigurationName = Production;
		};
/* End XCConfigurationList section */
	};
	rootObject = 8D81358F2434EFC400954B21 /* Project object */;
}
